
Microsoft Visual Studio Solution File, Format Version 12.00
# Visual Studio Version 17
VisualStudioVersion = 17.3.32825.248
MinimumVisualStudioVersion = 10.0.40219.1
Project("{FAE04EC0-301F-11D3-BF4B-00C04F79EFBC}") = "BlazorApp", "BlazorApp\BlazorApp.csproj", "{4BEDD2A7-69D9-4049-8DC0-4864A705DCFF}"
EndProject
Global
	GlobalSection(SolutionConfigurationPlatforms) = preSolution
		Debug|Any CPU = Debug|Any CPU
		Release|Any CPU = Release|Any CPU
	EndGlobalSection
	GlobalSection(ProjectConfigurationPlatforms) = postSolution
		{4BEDD2A7-69D9-4049-8DC0-4864A705DCFF}.Debug|Any CPU.ActiveCfg = Debug|Any CPU
		{4BEDD2A7-69D9-4049-8DC0-4864A705DCFF}.Debug|Any CPU.Build.0 = Debug|Any CPU
		{4BEDD2A7-69D9-4049-8DC0-4864A705DCFF}.Release|Any CPU.ActiveCfg = Release|Any CPU
		{4BEDD2A7-69D9-4049-8DC0-4864A705DCFF}.Release|Any CPU.Build.0 = Release|Any CPU
	EndGlobalSection
	GlobalSection(SolutionProperties) = preSolution
		HideSolutionNode = FALSE
	EndGlobalSection
	GlobalSection(ExtensibilityGlobals) = postSolution
		SolutionGuid = {4836899C-BE1A-4EC8-8EDA-085FCECC1074}
	EndGlobalSection
EndGlobal
